
Microsoft Visual Studio Solution File, Format Version 12.00
# Visual Studio Version 16
VisualStudioVersion = 16.0.29411.108
MinimumVisualStudioVersion = 10.0.40219.1
Project("{FAE04EC0-301F-11D3-BF4B-00C04F79EFBC}") = "PaginationHelper", "PaginationHelper\PaginationHelper.csproj", "{66025097-C167-43E9-B16F-2212BE7A9FC3}"
EndProject
Project("{FAE04EC0-301F-11D3-BF4B-00C04F79EFBC}") = "UnitTest.PaginationHelper", "UnitTest.PaginationHelper\UnitTest.PaginationHelper.csproj", "{01E13207-94BA-45BB-A3E4-6E84EA4D96BC}"
EndProject
Global
	GlobalSection(SolutionConfigurationPlatforms) = preSolution
		Debug|Any CPU = Debug|Any CPU
		Release|Any CPU = Release|Any CPU
	EndGlobalSection
	GlobalSection(ProjectConfigurationPlatforms) = postSolution
		{66025097-C167-43E9-B16F-2212BE7A9FC3}.Debug|Any CPU.ActiveCfg = Debug|Any CPU
		{66025097-C167-43E9-B16F-2212BE7A9FC3}.Debug|Any CPU.Build.0 = Debug|Any CPU
		{66025097-C167-43E9-B16F-2212BE7A9FC3}.Release|Any CPU.ActiveCfg = Release|Any CPU
		{66025097-C167-43E9-B16F-2212BE7A9FC3}.Release|Any CPU.Build.0 = Release|Any CPU
		{01E13207-94BA-45BB-A3E4-6E84EA4D96BC}.Debug|Any CPU.ActiveCfg = Debug|Any CPU
		{01E13207-94BA-45BB-A3E4-6E84EA4D96BC}.Debug|Any CPU.Build.0 = Debug|Any CPU
		{01E13207-94BA-45BB-A3E4-6E84EA4D96BC}.Release|Any CPU.ActiveCfg = Release|Any CPU
		{01E13207-94BA-45BB-A3E4-6E84EA4D96BC}.Release|Any CPU.Build.0 = Release|Any CPU
	EndGlobalSection
	GlobalSection(SolutionProperties) = preSolution
		HideSolutionNode = FALSE
	EndGlobalSection
	GlobalSection(ExtensibilityGlobals) = postSolution
		SolutionGuid = {D26BAD29-5E1F-45D8-93A6-F32854C172F9}
	EndGlobalSection
EndGlobal
